PODS:
  - Alamofire (5.4.4)
  - AppAuth (1.5.0):
    - AppAuth/Core (= 1.5.0)
    - AppAuth/ExternalUserAgent (= 1.5.0)
  - AppAuth/Core (1.5.0)
  - AppAuth/ExternalUserAgent (1.5.0):
    - AppAuth/Core
  - GoogleSignIn (5.0.2):
    - AppAuth (~> 1.2)
    - GTMAppAuth (~> 1.0)
    - GTMSessionFetcher/Core (~> 1.1)
  - GTMAppAuth (1.3.0):
    - AppAuth/Core (~> 1.4)
    - GTMSessionFetcher/Core (~> 1.5)
  - GTMSessionFetcher/Core (1.7.2)
  - IQKeyboardManagerSwift (6.5.9)
  - Kingfisher (7.1.2)
  - NVActivityIndicatorView (5.1.1):
    - NVActivityIndicatorView/Base (= 5.1.1)
  - NVActivityIndicatorView/Base (5.1.1)
  - PanModal (1.2.7)
  - RxCocoa (6.1.0):
    - RxRelay (= 6.1.0)
    - RxSwift (= 6.1.0)
  - RxRelay (6.1.0):
    - RxSwift (= 6.1.0)
  - RxSwift (6.1.0)
  - StatefulViewController (3.0)
  - SwiftGen (6.5.1)
  - SwiftMessages (9.0.5):
    - SwiftMessages/App (= 9.0.5)
  - SwiftMessages/App (9.0.5)
  - SwiftyJSON (4.3.0)
  - Swinject (2.8.1)
  - "UITextView+Placeholder (1.4.0)"

DEPENDENCIES:
  - Alamofire (~> 5.4.1)
  - GoogleSignIn (= 5.0.2)
  - IQKeyboardManagerSwift (~> 6.5.6)
  - Kingfisher (~> 7.0)
  - NVActivityIndicatorView (~> 5.1.1)
  - PanModal (~> 1.2.7)
  - RxCocoa (~> 6.1.0)
  - RxSwift (~> 6.1.0)
  - StatefulViewController (~> 3.0)
  - SwiftGen (~> 6.5.1)
  - SwiftMessages (~> 9.0.5)
  - SwiftyJSON (~> 4.0)
  - Swinject (~> 2.8.0)
  - "UITextView+Placeholder (~> 1.4.0)"

SPEC REPOS:
  trunk:
    - Alamofire
    - AppAuth
    - GoogleSignIn
    - GTMAppAuth
    - GTMSessionFetcher
    - IQKeyboardManagerSwift
    - Kingfisher
    - NVActivityIndicatorView
    - PanModal
    - RxCocoa
    - RxRelay
    - RxSwift
    - StatefulViewController
    - SwiftGen
    - SwiftMessages
    - SwiftyJSON
    - Swinject
    - "UITextView+Placeholder"

SPEC CHECKSUMS:
  Alamofire: f3b09a368f1582ab751b3fff5460276e0d2cf5c9
  AppAuth: 80317d99ac7ff2801a2f18ff86b48cd315ed465d
  GoogleSignIn: 7137d297ddc022a7e0aa4619c86d72c909fa7213
  GTMAppAuth: 4d8f864896f3646f0c33baf38a28362f4c601e15
  GTMSessionFetcher: 5595ec75acf5be50814f81e9189490412bad82ba
  IQKeyboardManagerSwift: 6e839c575c4aa1078d58a596e41244e77abe918f
  Kingfisher: 44ed6a8504763f27bab46163adfac83f5deb240c
  NVActivityIndicatorView: 1f6c5687f1171810aa27a3296814dc2d7dec3667
  PanModal: 3e16ead1a907fb06f4df3f13492fd00149fa4974
  RxCocoa: 5c51f02d562cbd94629f6c26cf0c80fe4ab8d343
  RxRelay: 483e1a19fad961b41f0b0c0bee506f46c1ae14fe
  RxSwift: a834e5c538e89eca0cae86f403f4fbf0336786ce
  StatefulViewController: 4803bf900d44de26074344998e10e041113b5931
  SwiftGen: a6d22010845f08fe18fbdf3a07a8e380fd22e0ea
  SwiftMessages: 9cca50659fa22bb523b4dd2a958d4442e843a354
  SwiftyJSON: 6faa0040f8b59dead0ee07436cbf76b73c08fd08
  Swinject: 97112918bd7e0785dc2df7036213f3c8cbba6586
  "UITextView+Placeholder": d7b0c400921f66523f3a85d74f774512e14f6502

PODFILE CHECKSUM: 44a0eb1cd7923bd57522754e04303c03d9552934

COCOAPODS: 1.11.2
