// !$*UTF8*$!
{
	archiveVersion = 1;
	classes = {
	};
	objectVersion = 55;
	objects = {

/* Begin PBXBuildFile section */
		0A57C8502833053000D1ABCA /* Swinject.swift in Sources */ = {isa = PBXBuildFile; fileRef = 0A57C84F2833053000D1ABCA /* Swinject.swift */; };
		0A57C85E2833078F00D1ABCA /* Constant.swift in Sources */ = {isa = PBXBuildFile; fileRef = 0A57C8532833078E00D1ABCA /* Constant.swift */; };
		0A57C85F2833078F00D1ABCA /* NetworkManager.swift in Sources */ = {isa = PBXBuildFile; fileRef = 0A57C8542833078F00D1ABCA /* NetworkManager.swift */; };
		0A57C8602833078F00D1ABCA /* Router.swift in Sources */ = {isa = PBXBuildFile; fileRef = 0A57C8552833078F00D1ABCA /* Router.swift */; };
		0A57C8622833078F00D1ABCA /* LanguageManager.swift in Sources */ = {isa = PBXBuildFile; fileRef = 0A57C85A2833078F00D1ABCA /* LanguageManager.swift */; };
		0A57C8632833078F00D1ABCA /* resetAppLanguage.swift in Sources */ = {isa = PBXBuildFile; fileRef = 0A57C85B2833078F00D1ABCA /* resetAppLanguage.swift */; };
		0A57C8642833078F00D1ABCA /* PushNotificationManager.swift in Sources */ = {isa = PBXBuildFile; fileRef = 0A57C85D2833078F00D1ABCA /* PushNotificationManager.swift */; };
		0A57C8662833099900D1ABCA /* HelperTools.swift in Sources */ = {isa = PBXBuildFile; fileRef = 0A57C8652833099900D1ABCA /* HelperTools.swift */; };
		0A57C86928330A8A00D1ABCA /* String+Extentions.swift in Sources */ = {isa = PBXBuildFile; fileRef = 0A57C86828330A8A00D1ABCA /* String+Extentions.swift */; };
		0A57C86F28330C8100D1ABCA /* UserModelResponse.swift in Sources */ = {isa = PBXBuildFile; fileRef = 0A57C86E28330C8100D1ABCA /* UserModelResponse.swift */; };
		0A57C87228330DA700D1ABCA /* BaseViewController.swift in Sources */ = {isa = PBXBuildFile; fileRef = 0A57C87128330DA700D1ABCA /* BaseViewController.swift */; };
		0AE24726280AF91E004B3E00 /* AppDelegate.swift in Sources */ = {isa = PBXBuildFile; fileRef = 0AE24725280AF91E004B3E00 /* AppDelegate.swift */; };
		0AE2472A280AF91E004B3E00 /* ViewController.swift in Sources */ = {isa = PBXBuildFile; fileRef = 0AE24729280AF91E004B3E00 /* ViewController.swift */; };
		0AE2472F280AF921004B3E00 /* Assets.xcassets in Resources */ = {isa = PBXBuildFile; fileRef = 0AE2472E280AF921004B3E00 /* Assets.xcassets */; };
		0AE24732280AF921004B3E00 /* LaunchScreen.storyboard in Resources */ = {isa = PBXBuildFile; fileRef = 0AE24730280AF921004B3E00 /* LaunchScreen.storyboard */; };
		0AEAFCA22832A4DC00CEAF9C /* LandingPagesViewController.xib in Resources */ = {isa = PBXBuildFile; fileRef = 0AEAFCA12832A4DC00CEAF9C /* LandingPagesViewController.xib */; };
		0AEAFCA62832A4FC00CEAF9C /* LandingPagesViewController.swift in Sources */ = {isa = PBXBuildFile; fileRef = 0AEAFCA52832A4FC00CEAF9C /* LandingPagesViewController.swift */; };
		0AEAFCAA2832A5E700CEAF9C /* LandingPagesTableCell.swift in Sources */ = {isa = PBXBuildFile; fileRef = 0AEAFCA82832A5E700CEAF9C /* LandingPagesTableCell.swift */; };
		0AEAFCAB2832A5E700CEAF9C /* LandingPagesTableCell.xib in Resources */ = {isa = PBXBuildFile; fileRef = 0AEAFCA92832A5E700CEAF9C /* LandingPagesTableCell.xib */; };
		45B76DC3D31DE55546F18F56 /* Pods_EduTracker.framework in Frameworks */ = {isa = PBXBuildFile; fileRef = 6CE158E490739CBC400B88C2 /* Pods_EduTracker.framework */; };
/* End PBXBuildFile section */

/* Begin PBXFileReference section */
		0A1D7BE728411FC400A5C184 /* swiftgen.yml */ = {isa = PBXFileReference; lastKnownFileType = text.yaml; path = swiftgen.yml; sourceTree = "<group>"; };
		0A57C84F2833053000D1ABCA /* Swinject.swift */ = {isa = PBXFileReference; lastKnownFileType = sourcecode.swift; path = Swinject.swift; sourceTree = "<group>"; };
		0A57C8532833078E00D1ABCA /* Constant.swift */ = {isa = PBXFileReference; fileEncoding = 4; lastKnownFileType = sourcecode.swift; path = Constant.swift; sourceTree = "<group>"; };
		0A57C8542833078F00D1ABCA /* NetworkManager.swift */ = {isa = PBXFileReference; fileEncoding = 4; lastKnownFileType = sourcecode.swift; path = NetworkManager.swift; sourceTree = "<group>"; };
		0A57C8552833078F00D1ABCA /* Router.swift */ = {isa = PBXFileReference; fileEncoding = 4; lastKnownFileType = sourcecode.swift; path = Router.swift; sourceTree = "<group>"; };
		0A57C85A2833078F00D1ABCA /* LanguageManager.swift */ = {isa = PBXFileReference; fileEncoding = 4; lastKnownFileType = sourcecode.swift; path = LanguageManager.swift; sourceTree = "<group>"; };
		0A57C85B2833078F00D1ABCA /* resetAppLanguage.swift */ = {isa = PBXFileReference; fileEncoding = 4; lastKnownFileType = sourcecode.swift; path = resetAppLanguage.swift; sourceTree = "<group>"; };
		0A57C85D2833078F00D1ABCA /* PushNotificationManager.swift */ = {isa = PBXFileReference; fileEncoding = 4; lastKnownFileType = sourcecode.swift; path = PushNotificationManager.swift; sourceTree = "<group>"; };
		0A57C8652833099900D1ABCA /* HelperTools.swift */ = {isa = PBXFileReference; lastKnownFileType = sourcecode.swift; path = HelperTools.swift; sourceTree = "<group>"; };
		0A57C86828330A8A00D1ABCA /* String+Extentions.swift */ = {isa = PBXFileReference; lastKnownFileType = sourcecode.swift; path = "String+Extentions.swift"; sourceTree = "<group>"; };
		0A57C86E28330C8100D1ABCA /* UserModelResponse.swift */ = {isa = PBXFileReference; lastKnownFileType = sourcecode.swift; path = UserModelResponse.swift; sourceTree = "<group>"; };
		0A57C87128330DA700D1ABCA /* BaseViewController.swift */ = {isa = PBXFileReference; lastKnownFileType = sourcecode.swift; path = BaseViewController.swift; sourceTree = "<group>"; };
		0AE24722280AF91E004B3E00 /* EduTracker.app */ = {isa = PBXFileReference; explicitFileType = wrapper.application; includeInIndex = 0; path = EduTracker.app; sourceTree = BUILT_PRODUCTS_DIR; };
		0AE24725280AF91E004B3E00 /* AppDelegate.swift */ = {isa = PBXFileReference; lastKnownFileType = sourcecode.swift; path = AppDelegate.swift; sourceTree = "<group>"; };
		0AE24729280AF91E004B3E00 /* ViewController.swift */ = {isa = PBXFileReference; lastKnownFileType = sourcecode.swift; path = ViewController.swift; sourceTree = "<group>"; };
		0AE2472E280AF921004B3E00 /* Assets.xcassets */ = {isa = PBXFileReference; lastKnownFileType = folder.assetcatalog; path = Assets.xcassets; sourceTree = "<group>"; };
		0AE24731280AF921004B3E00 /* Base */ = {isa = PBXFileReference; lastKnownFileType = file.storyboard; name = Base; path = Base.lproj/LaunchScreen.storyboard; sourceTree = "<group>"; };
		0AE24733280AF921004B3E00 /* Info.plist */ = {isa = PBXFileReference; lastKnownFileType = text.plist.xml; path = Info.plist; sourceTree = "<group>"; };
		0AEAFCA12832A4DC00CEAF9C /* LandingPagesViewController.xib */ = {isa = PBXFileReference; lastKnownFileType = file.xib; path = LandingPagesViewController.xib; sourceTree = "<group>"; };
		0AEAFCA52832A4FC00CEAF9C /* LandingPagesViewController.swift */ = {isa = PBXFileReference; lastKnownFileType = sourcecode.swift; path = LandingPagesViewController.swift; sourceTree = "<group>"; };
		0AEAFCA82832A5E700CEAF9C /* LandingPagesTableCell.swift */ = {isa = PBXFileReference; lastKnownFileType = sourcecode.swift; path = LandingPagesTableCell.swift; sourceTree = "<group>"; };
		0AEAFCA92832A5E700CEAF9C /* LandingPagesTableCell.xib */ = {isa = PBXFileReference; lastKnownFileType = file.xib; path = LandingPagesTableCell.xib; sourceTree = "<group>"; };
		6CE158E490739CBC400B88C2 /* Pods_EduTracker.framework */ = {isa = PBXFileReference; explicitFileType = wrapper.framework; includeInIndex = 0; path = Pods_EduTracker.framework; sourceTree = BUILT_PRODUCTS_DIR; };
		746314C8AD116FCDA9F21A8C /* Pods-EduTracker.debug.xcconfig */ = {isa = PBXFileReference; includeInIndex = 1; lastKnownFileType = text.xcconfig; name = "Pods-EduTracker.debug.xcconfig"; path = "Target Support Files/Pods-EduTracker/Pods-EduTracker.debug.xcconfig"; sourceTree = "<group>"; };
		7BCC7D0CD8B9FE28B393554E /* Pods-EduTracker.release.xcconfig */ = {isa = PBXFileReference; includeInIndex = 1; lastKnownFileType = text.xcconfig; name = "Pods-EduTracker.release.xcconfig"; path = "Target Support Files/Pods-EduTracker/Pods-EduTracker.release.xcconfig"; sourceTree = "<group>"; };
/* End PBXFileReference section */

/* Begin PBXFrameworksBuildPhase section */
		0AE2471F280AF91E004B3E00 /* Frameworks */ = {
			isa = PBXFrameworksBuildPhase;
			buildActionMask = 2147483647;
			files = (
				45B76DC3D31DE55546F18F56 /* Pods_EduTracker.framework in Frameworks */,
			);
			runOnlyForDeploymentPostprocessing = 0;
		};
/* End PBXFrameworksBuildPhase section */

/* Begin PBXGroup section */
		0A093B092840FB5700770279 /* SwiftGen */ = {
			isa = PBXGroup;
			children = (
			);
			path = SwiftGen;
			sourceTree = "<group>";
		};
		0A57C84E2833052500D1ABCA /* Swinject */ = {
			isa = PBXGroup;
			children = (
				0A57C84F2833053000D1ABCA /* Swinject.swift */,
			);
			path = Swinject;
			sourceTree = "<group>";
		};
		0A57C8512833078E00D1ABCA /* App Manager */ = {
			isa = PBXGroup;
			children = (
				0A57C8522833078E00D1ABCA /* NetworkManager */,
				0A57C8562833078F00D1ABCA /* LanguageManager */,
				0A57C85C2833078F00D1ABCA /* PushNotificationManager */,
			);
			path = "App Manager";
			sourceTree = "<group>";
		};
		0A57C8522833078E00D1ABCA /* NetworkManager */ = {
			isa = PBXGroup;
			children = (
				0A57C8532833078E00D1ABCA /* Constant.swift */,
				0A57C8542833078F00D1ABCA /* NetworkManager.swift */,
				0A57C8552833078F00D1ABCA /* Router.swift */,
			);
			path = NetworkManager;
			sourceTree = "<group>";
		};
		0A57C8562833078F00D1ABCA /* LanguageManager */ = {
			isa = PBXGroup;
			children = (
				0A57C85A2833078F00D1ABCA /* LanguageManager.swift */,
				0A57C85B2833078F00D1ABCA /* resetAppLanguage.swift */,
			);
			path = LanguageManager;
			sourceTree = "<group>";
		};
		0A57C85C2833078F00D1ABCA /* PushNotificationManager */ = {
			isa = PBXGroup;
			children = (
				0A57C85D2833078F00D1ABCA /* PushNotificationManager.swift */,
			);
			path = PushNotificationManager;
			sourceTree = "<group>";
		};
		0A57C86728330A2700D1ABCA /* Extenstions */ = {
			isa = PBXGroup;
			children = (
				0A57C86828330A8A00D1ABCA /* String+Extentions.swift */,
			);
			path = Extenstions;
			sourceTree = "<group>";
		};
		0A57C86A28330C5500D1ABCA /* Login */ = {
			isa = PBXGroup;
			children = (
				0A57C86D28330C7700D1ABCA /* Model */,
				0A57C86C28330C6600D1ABCA /* ViewModel */,
				0A57C86B28330C5E00D1ABCA /* View */,
			);
			path = Login;
			sourceTree = "<group>";
		};
		0A57C86B28330C5E00D1ABCA /* View */ = {
			isa = PBXGroup;
			children = (
			);
			path = View;
			sourceTree = "<group>";
		};
		0A57C86C28330C6600D1ABCA /* ViewModel */ = {
			isa = PBXGroup;
			children = (
			);
			path = ViewModel;
			sourceTree = "<group>";
		};
		0A57C86D28330C7700D1ABCA /* Model */ = {
			isa = PBXGroup;
			children = (
				0A57C86E28330C8100D1ABCA /* UserModelResponse.swift */,
			);
			path = Model;
			sourceTree = "<group>";
		};
		0A57C87028330D9400D1ABCA /* Base */ = {
			isa = PBXGroup;
			children = (
				0A57C87128330DA700D1ABCA /* BaseViewController.swift */,
			);
			path = Base;
			sourceTree = "<group>";
		};
		0AE231DC28329C96008D9542 /* Core */ = {
			isa = PBXGroup;
			children = (
				0AE24725280AF91E004B3E00 /* AppDelegate.swift */,
			);
			path = Core;
			sourceTree = "<group>";
		};
		0AE231DD28329D8C008D9542 /* Utilities */ = {
			isa = PBXGroup;
			children = (
				0A57C86728330A2700D1ABCA /* Extenstions */,
				0A57C8652833099900D1ABCA /* HelperTools.swift */,
			);
			path = Utilities;
			sourceTree = "<group>";
		};
		0AE231DE28329D91008D9542 /* Modules */ = {
			isa = PBXGroup;
			children = (
				0A57C86A28330C5500D1ABCA /* Login */,
				0AEAFC9D2832A04900CEAF9C /* LandingPages */,
			);
			path = Modules;
			sourceTree = "<group>";
		};
		0AE231DF28329E45008D9542 /* Resources */ = {
			isa = PBXGroup;
			children = (
				0A57C84E2833052500D1ABCA /* Swinject */,
				0AE231E028329E54008D9542 /* Font */,
				0AE2472E280AF921004B3E00 /* Assets.xcassets */,
			);
			path = Resources;
			sourceTree = "<group>";
		};
		0AE231E028329E54008D9542 /* Font */ = {
			isa = PBXGroup;
			children = (
			);
			path = Font;
			sourceTree = "<group>";
		};
		0AE231E128329E65008D9542 /* LaunchScreen */ = {
			isa = PBXGroup;
			children = (
				0AE24729280AF91E004B3E00 /* ViewController.swift */,
				0AE24730280AF921004B3E00 /* LaunchScreen.storyboard */,
			);
			path = LaunchScreen;
			sourceTree = "<group>";
		};
		0AE24719280AF91E004B3E00 = {
			isa = PBXGroup;
			children = (
				0A1D7BE728411FC400A5C184 /* swiftgen.yml */,
				0AE24724280AF91E004B3E00 /* EduTracker */,
				0AE24723280AF91E004B3E00 /* Products */,
				376A466CF8AB453D0EBA119F /* Pods */,
				8BF4E837E91F48733EF514E8 /* Frameworks */,
			);
			sourceTree = "<group>";
		};
		0AE24723280AF91E004B3E00 /* Products */ = {
			isa = PBXGroup;
			children = (
				0AE24722280AF91E004B3E00 /* EduTracker.app */,
			);
			name = Products;
			sourceTree = "<group>";
		};
		0AE24724280AF91E004B3E00 /* EduTracker */ = {
			isa = PBXGroup;
			children = (
				0A093B092840FB5700770279 /* SwiftGen */,
				0A57C87028330D9400D1ABCA /* Base */,
				0A57C8512833078E00D1ABCA /* App Manager */,
				0AE231DE28329D91008D9542 /* Modules */,
				0AE231DC28329C96008D9542 /* Core */,
				0AE231DF28329E45008D9542 /* Resources */,
				0AE231DD28329D8C008D9542 /* Utilities */,
				0AE231E128329E65008D9542 /* LaunchScreen */,
				0AE24733280AF921004B3E00 /* Info.plist */,
			);
			path = EduTracker;
			sourceTree = "<group>";
		};
		0AEAFC9D2832A04900CEAF9C /* LandingPages */ = {
			isa = PBXGroup;
			children = (
				0AEAFCA02832A4B300CEAF9C /* ViewModel */,
				0AEAFC9F2832A4AA00CEAF9C /* Model */,
				0AEAFC9E2832A4A100CEAF9C /* View */,
			);
			path = LandingPages;
			sourceTree = "<group>";
		};
		0AEAFC9E2832A4A100CEAF9C /* View */ = {
			isa = PBXGroup;
			children = (
				0AEAFCA72832A5A100CEAF9C /* Cell */,
				0AEAFCA12832A4DC00CEAF9C /* LandingPagesViewController.xib */,
				0AEAFCA52832A4FC00CEAF9C /* LandingPagesViewController.swift */,
			);
			path = View;
			sourceTree = "<group>";
		};
		0AEAFC9F2832A4AA00CEAF9C /* Model */ = {
			isa = PBXGroup;
			children = (
			);
			path = Model;
			sourceTree = "<group>";
		};
		0AEAFCA02832A4B300CEAF9C /* ViewModel */ = {
			isa = PBXGroup;
			children = (
			);
			path = ViewModel;
			sourceTree = "<group>";
		};
		0AEAFCA72832A5A100CEAF9C /* Cell */ = {
			isa = PBXGroup;
			children = (
				0AEAFCA82832A5E700CEAF9C /* LandingPagesTableCell.swift */,
				0AEAFCA92832A5E700CEAF9C /* LandingPagesTableCell.xib */,
			);
			path = Cell;
			sourceTree = "<group>";
		};
		376A466CF8AB453D0EBA119F /* Pods */ = {
			isa = PBXGroup;
			children = (
				746314C8AD116FCDA9F21A8C /* Pods-EduTracker.debug.xcconfig */,
				7BCC7D0CD8B9FE28B393554E /* Pods-EduTracker.release.xcconfig */,
			);
			path = Pods;
			sourceTree = "<group>";
		};
		8BF4E837E91F48733EF514E8 /* Frameworks */ = {
			isa = PBXGroup;
			children = (
				6CE158E490739CBC400B88C2 /* Pods_EduTracker.framework */,
			);
			name = Frameworks;
			sourceTree = "<group>";
		};
/* End PBXGroup section */

/* Begin PBXNativeTarget section */
		0AE24721280AF91E004B3E00 /* EduTracker */ = {
			isa = PBXNativeTarget;
			buildConfigurationList = 0AE24736280AF921004B3E00 /* Build configuration list for PBXNativeTarget "EduTracker" */;
			buildPhases = (
				26D30E648AB573325C39CFD2 /* [CP] Check Pods Manifest.lock */,
				0AE2471E280AF91E004B3E00 /* Sources */,
				0AE2471F280AF91E004B3E00 /* Frameworks */,
				0AE24720280AF91E004B3E00 /* Resources */,
				363B9A74BEBB82038C1A6B88 /* [CP] Embed Pods Frameworks */,
				BC4C53BC1E5842A5C5D3C257 /* [CP] Copy Pods Resources */,
			);
			buildRules = (
			);
			dependencies = (
			);
			name = EduTracker;
			productName = EduTracker;
			productReference = 0AE24722280AF91E004B3E00 /* EduTracker.app */;
			productType = "com.apple.product-type.application";
		};
/* End PBXNativeTarget section */

/* Begin PBXProject section */
		0AE2471A280AF91E004B3E00 /* Project object */ = {
			isa = PBXProject;
			attributes = {
				BuildIndependentTargetsInParallel = 1;
				LastSwiftUpdateCheck = 1320;
				LastUpgradeCheck = 1320;
				TargetAttributes = {
					0AE24721280AF91E004B3E00 = {
						CreatedOnToolsVersion = 13.2.1;
					};
				};
			};
			buildConfigurationList = 0AE2471D280AF91E004B3E00 /* Build configuration list for PBXProject "EduTracker" */;
			compatibilityVersion = "Xcode 13.0";
			developmentRegion = en;
			hasScannedForEncodings = 0;
			knownRegions = (
				en,
				Base,
			);
			mainGroup = 0AE24719280AF91E004B3E00;
			productRefGroup = 0AE24723280AF91E004B3E00 /* Products */;
			projectDirPath = "";
			projectRoot = "";
			targets = (
				0AE24721280AF91E004B3E00 /* EduTracker */,
			);
		};
/* End PBXProject section */

/* Begin PBXResourcesBuildPhase section */
		0AE24720280AF91E004B3E00 /* Resources */ = {
			isa = PBXResourcesBuildPhase;
			buildActionMask = 2147483647;
			files = (
				0AE24732280AF921004B3E00 /* LaunchScreen.storyboard in Resources */,
				0AE2472F280AF921004B3E00 /* Assets.xcassets in Resources */,
				0AEAFCA22832A4DC00CEAF9C /* LandingPagesViewController.xib in Resources */,
				0AEAFCAB2832A5E700CEAF9C /* LandingPagesTableCell.xib in Resources */,
			);
			runOnlyForDeploymentPostprocessing = 0;
		};
/* End PBXResourcesBuildPhase section */

/* Begin PBXShellScriptBuildPhase section */
		26D30E648AB573325C39CFD2 /* [CP] Check Pods Manifest.lock */ = {
			isa = PBXShellScriptBuildPhase;
			buildActionMask = 2147483647;
			files = (
			);
			inputFileListPaths = (
			);
			inputPaths = (
				"${PODS_PODFILE_DIR_PATH}/Podfile.lock",
				"${PODS_ROOT}/Manifest.lock",
			);
			name = "[CP] Check Pods Manifest.lock";
			outputFileListPaths = (
			);
			outputPaths = (
				"$(DERIVED_FILE_DIR)/Pods-EduTracker-checkManifestLockResult.txt",
			);
			runOnlyForDeploymentPostprocessing = 0;
			shellPath = /bin/sh;
			shellScript = "diff \"${PODS_PODFILE_DIR_PATH}/Podfile.lock\" \"${PODS_ROOT}/Manifest.lock\" > /dev/null\nif [ $? != 0 ] ; then\n    # print error to STDERR\n    echo \"error: The sandbox is not in sync with the Podfile.lock. Run 'pod install' or update your CocoaPods installation.\" >&2\n    exit 1\nfi\n# This output is used by Xcode 'outputs' to avoid re-running this script phase.\necho \"SUCCESS\" > \"${SCRIPT_OUTPUT_FILE_0}\"\n";
			showEnvVarsInLog = 0;
		};
		363B9A74BEBB82038C1A6B88 /* [CP] Embed Pods Frameworks */ = {
			isa = PBXShellScriptBuildPhase;
			buildActionMask = 2147483647;
			files = (
			);
			inputFileListPaths = (
				"${PODS_ROOT}/Target Support Files/Pods-EduTracker/Pods-EduTracker-frameworks-${CONFIGURATION}-input-files.xcfilelist",
			);
			name = "[CP] Embed Pods Frameworks";
			outputFileListPaths = (
				"${PODS_ROOT}/Target Support Files/Pods-EduTracker/Pods-EduTracker-frameworks-${CONFIGURATION}-output-files.xcfilelist",
			);
			runOnlyForDeploymentPostprocessing = 0;
			shellPath = /bin/sh;
			shellScript = "\"${PODS_ROOT}/Target Support Files/Pods-EduTracker/Pods-EduTracker-frameworks.sh\"\n";
			showEnvVarsInLog = 0;
		};
		BC4C53BC1E5842A5C5D3C257 /* [CP] Copy Pods Resources */ = {
			isa = PBXShellScriptBuildPhase;
			buildActionMask = 2147483647;
			files = (
			);
			inputFileListPaths = (
				"${PODS_ROOT}/Target Support Files/Pods-EduTracker/Pods-EduTracker-resources-${CONFIGURATION}-input-files.xcfilelist",
			);
			name = "[CP] Copy Pods Resources";
			outputFileListPaths = (
				"${PODS_ROOT}/Target Support Files/Pods-EduTracker/Pods-EduTracker-resources-${CONFIGURATION}-output-files.xcfilelist",
			);
			runOnlyForDeploymentPostprocessing = 0;
			shellPath = /bin/sh;
			shellScript = "\"${PODS_ROOT}/Target Support Files/Pods-EduTracker/Pods-EduTracker-resources.sh\"\n";
			showEnvVarsInLog = 0;
		};
/* End PBXShellScriptBuildPhase section */

/* Begin PBXSourcesBuildPhase section */
		0AE2471E280AF91E004B3E00 /* Sources */ = {
			isa = PBXSourcesBuildPhase;
			buildActionMask = 2147483647;
			files = (
				0A57C8602833078F00D1ABCA /* Router.swift in Sources */,
				0A57C8662833099900D1ABCA /* HelperTools.swift in Sources */,
				0AEAFCA62832A4FC00CEAF9C /* LandingPagesViewController.swift in Sources */,
				0A57C8502833053000D1ABCA /* Swinject.swift in Sources */,
				0A57C86928330A8A00D1ABCA /* String+Extentions.swift in Sources */,
				0A57C87228330DA700D1ABCA /* BaseViewController.swift in Sources */,
				0AE2472A280AF91E004B3E00 /* ViewController.swift in Sources */,
				0A57C85F2833078F00D1ABCA /* NetworkManager.swift in Sources */,
				0A57C86F28330C8100D1ABCA /* UserModelResponse.swift in Sources */,
				0A57C8632833078F00D1ABCA /* resetAppLanguage.swift in Sources */,
				0AE24726280AF91E004B3E00 /* AppDelegate.swift in Sources */,
				0A57C8642833078F00D1ABCA /* PushNotificationManager.swift in Sources */,
				0A57C8622833078F00D1ABCA /* LanguageManager.swift in Sources */,
				0AEAFCAA2832A5E700CEAF9C /* LandingPagesTableCell.swift in Sources */,
				0A57C85E2833078F00D1ABCA /* Constant.swift in Sources */,
			);
			runOnlyForDeploymentPostprocessing = 0;
		};
/* End PBXSourcesBuildPhase section */

/* Begin PBXVariantGroup section */
		0AE24730280AF921004B3E00 /* LaunchScreen.storyboard */ = {
			isa = PBXVariantGroup;
			children = (
				0AE24731280AF921004B3E00 /* Base */,
			);
			name = LaunchScreen.storyboard;
			sourceTree = "<group>";
		};
/* End PBXVariantGroup section */

/* Begin XCBuildConfiguration section */
		0AE24734280AF921004B3E00 /* Debug */ = {
			isa = XCBuildConfiguration;
			buildSettings = {
				ALWAYS_SEARCH_USER_PATHS = NO;
				CLANG_ANALYZER_NONNULL = YES;
				CLANG_ANALYZER_NUMBER_OBJECT_CONVERSION = YES_AGGRESSIVE;
				CLANG_CXX_LANGUAGE_STANDARD = "gnu++17";
				CLANG_CXX_LIBRARY = "libc++";
				CLANG_ENABLE_MODULES = YES;
				CLANG_ENABLE_OBJC_ARC = YES;
				CLANG_ENABLE_OBJC_WEAK = YES;
				CLANG_WARN_BLOCK_CAPTURE_AUTORELEASING = YES;
				CLANG_WARN_BOOL_CONVERSION = YES;
				CLANG_WARN_COMMA = YES;
				CLANG_WARN_CONSTANT_CONVERSION = YES;
				CLANG_WARN_DEPRECATED_OBJC_IMPLEMENTATIONS = YES;
				CLANG_WARN_DIRECT_OBJC_ISA_USAGE = YES_ERROR;
				CLANG_WARN_DOCUMENTATION_COMMENTS = YES;
				CLANG_WARN_EMPTY_BODY = YES;
				CLANG_WARN_ENUM_CONVERSION = YES;
				CLANG_WARN_INFINITE_RECURSION = YES;
				CLANG_WARN_INT_CONVERSION = YES;
				CLANG_WARN_NON_LITERAL_NULL_CONVERSION = YES;
				CLANG_WARN_OBJC_IMPLICIT_RETAIN_SELF = YES;
				CLANG_WARN_OBJC_LITERAL_CONVERSION = YES;
				CLANG_WARN_OBJC_ROOT_CLASS = YES_ERROR;
				CLANG_WARN_QUOTED_INCLUDE_IN_FRAMEWORK_HEADER = YES;
				CLANG_WARN_RANGE_LOOP_ANALYSIS = YES;
				CLANG_WARN_STRICT_PROTOTYPES = YES;
				CLANG_WARN_SUSPICIOUS_MOVE = YES;
				CLANG_WARN_UNGUARDED_AVAILABILITY = YES_AGGRESSIVE;
				CLANG_WARN_UNREACHABLE_CODE = YES;
				CLANG_WARN__DUPLICATE_METHOD_MATCH = YES;
				COPY_PHASE_STRIP = NO;
				DEBUG_INFORMATION_FORMAT = dwarf;
				ENABLE_STRICT_OBJC_MSGSEND = YES;
				ENABLE_TESTABILITY = YES;
				GCC_C_LANGUAGE_STANDARD = gnu11;
				GCC_DYNAMIC_NO_PIC = NO;
				GCC_NO_COMMON_BLOCKS = YES;
				GCC_OPTIMIZATION_LEVEL = 0;
				GCC_PREPROCESSOR_DEFINITIONS = (
					"DEBUG=1",
					"$(inherited)",
				);
				GCC_WARN_64_TO_32_BIT_CONVERSION = YES;
				GCC_WARN_ABOUT_RETURN_TYPE = YES_ERROR;
				GCC_WARN_UNDECLARED_SELECTOR = YES;
				GCC_WARN_UNINITIALIZED_AUTOS = YES_AGGRESSIVE;
				GCC_WARN_UNUSED_FUNCTION = YES;
				GCC_WARN_UNUSED_VARIABLE = YES;
				IPHONEOS_DEPLOYMENT_TARGET = 15.2;
				MTL_ENABLE_DEBUG_INFO = INCLUDE_SOURCE;
				MTL_FAST_MATH = YES;
				ONLY_ACTIVE_ARCH = YES;
				SDKROOT = iphoneos;
				SWIFT_ACTIVE_COMPILATION_CONDITIONS = DEBUG;
				SWIFT_OPTIMIZATION_LEVEL = "-Onone";
			};
			name = Debug;
		};
		0AE24735280AF921004B3E00 /* Release */ = {
			isa = XCBuildConfiguration;
			buildSettings = {
				ALWAYS_SEARCH_USER_PATHS = NO;
				CLANG_ANALYZER_NONNULL = YES;
				CLANG_ANALYZER_NUMBER_OBJECT_CONVERSION = YES_AGGRESSIVE;
				CLANG_CXX_LANGUAGE_STANDARD = "gnu++17";
				CLANG_CXX_LIBRARY = "libc++";
				CLANG_ENABLE_MODULES = YES;
				CLANG_ENABLE_OBJC_ARC = YES;
				CLANG_ENABLE_OBJC_WEAK = YES;
				CLANG_WARN_BLOCK_CAPTURE_AUTORELEASING = YES;
				CLANG_WARN_BOOL_CONVERSION = YES;
				CLANG_WARN_COMMA = YES;
				CLANG_WARN_CONSTANT_CONVERSION = YES;
				CLANG_WARN_DEPRECATED_OBJC_IMPLEMENTATIONS = YES;
				CLANG_WARN_DIRECT_OBJC_ISA_USAGE = YES_ERROR;
				CLANG_WARN_DOCUMENTATION_COMMENTS = YES;
				CLANG_WARN_EMPTY_BODY = YES;
				CLANG_WARN_ENUM_CONVERSION = YES;
				CLANG_WARN_INFINITE_RECURSION = YES;
				CLANG_WARN_INT_CONVERSION = YES;
				CLANG_WARN_NON_LITERAL_NULL_CONVERSION = YES;
				CLANG_WARN_OBJC_IMPLICIT_RETAIN_SELF = YES;
				CLANG_WARN_OBJC_LITERAL_CONVERSION = YES;
				CLANG_WARN_OBJC_ROOT_CLASS = YES_ERROR;
				CLANG_WARN_QUOTED_INCLUDE_IN_FRAMEWORK_HEADER = YES;
				CLANG_WARN_RANGE_LOOP_ANALYSIS = YES;
				CLANG_WARN_STRICT_PROTOTYPES = YES;
				CLANG_WARN_SUSPICIOUS_MOVE = YES;
				CLANG_WARN_UNGUARDED_AVAILABILITY = YES_AGGRESSIVE;
				CLANG_WARN_UNREACHABLE_CODE = YES;
				CLANG_WARN__DUPLICATE_METHOD_MATCH = YES;
				COPY_PHASE_STRIP = NO;
				DEBUG_INFORMATION_FORMAT = "dwarf-with-dsym";
				ENABLE_NS_ASSERTIONS = NO;
				ENABLE_STRICT_OBJC_MSGSEND = YES;
				GCC_C_LANGUAGE_STANDARD = gnu11;
				GCC_NO_COMMON_BLOCKS = YES;
				GCC_WARN_64_TO_32_BIT_CONVERSION = YES;
				GCC_WARN_ABOUT_RETURN_TYPE = YES_ERROR;
				GCC_WARN_UNDECLARED_SELECTOR = YES;
				GCC_WARN_UNINITIALIZED_AUTOS = YES_AGGRESSIVE;
				GCC_WARN_UNUSED_FUNCTION = YES;
				GCC_WARN_UNUSED_VARIABLE = YES;
				IPHONEOS_DEPLOYMENT_TARGET = 15.2;
				MTL_ENABLE_DEBUG_INFO = NO;
				MTL_FAST_MATH = YES;
				SDKROOT = iphoneos;
				SWIFT_COMPILATION_MODE = wholemodule;
				SWIFT_OPTIMIZATION_LEVEL = "-O";
				VALIDATE_PRODUCT = YES;
			};
			name = Release;
		};
		0AE24737280AF921004B3E00 /* Debug */ = {
			isa = XCBuildConfiguration;
			baseConfigurationReference = 746314C8AD116FCDA9F21A8C /* Pods-EduTracker.debug.xcconfig */;
			buildSettings = {
				ASSETCATALOG_COMPILER_APPICON_NAME = AppIcon;
				ASSETCATALOG_COMPILER_GLOBAL_ACCENT_COLOR_NAME = AccentColor;
				CODE_SIGN_STYLE = Automatic;
				CURRENT_PROJECT_VERSION = 1;
				DEVELOPMENT_TEAM = 87JP2ZZ6RR;
				GENERATE_INFOPLIST_FILE = YES;
				INFOPLIST_FILE = EduTracker/Info.plist;
				INFOPLIST_KEY_UIApplicationSupportsIndirectInputEvents = YES;
				INFOPLIST_KEY_UILaunchStoryboardName = LaunchScreen;
				INFOPLIST_KEY_UIMainStoryboardFile = LaunchScreen;
				INFOPLIST_KEY_UISupportedInterfaceOrientations_iPad = "UIInterfaceOrientationPortrait UIInterfaceOrientationPortraitUpsideDown UIInterfaceOrientationLandscapeLeft UIInterfaceOrientationLandscapeRight";
				INFOPLIST_KEY_UISupportedInterfaceOrientations_iPhone = "UIInterfaceOrientationPortrait UIInterfaceOrientationLandscapeLeft UIInterfaceOrientationLandscapeRight";
				IPHONEOS_DEPLOYMENT_TARGET = 13.0;
				LD_RUNPATH_SEARCH_PATHS = (
					"$(inherited)",
					"@executable_path/Frameworks",
				);
				MARKETING_VERSION = 1.0;
				PRODUCT_BUNDLE_IDENTIFIER = eduTracker.com.EduTracker;
				PRODUCT_NAME = "$(TARGET_NAME)";
				SWIFT_EMIT_LOC_STRINGS = YES;
				SWIFT_VERSION = 5.0;
				TARGETED_DEVICE_FAMILY = 1;
			};
			name = Debug;
		};
		0AE24738280AF921004B3E00 /* Release */ = {
			isa = XCBuildConfiguration;
			baseConfigurationReference = 7BCC7D0CD8B9FE28B393554E /* Pods-EduTracker.release.xcconfig */;
			buildSettings = {
				ASSETCATALOG_COMPILER_APPICON_NAME = AppIcon;
				ASSETCATALOG_COMPILER_GLOBAL_ACCENT_COLOR_NAME = AccentColor;
				CODE_SIGN_STYLE = Automatic;
				CURRENT_PROJECT_VERSION = 1;
				DEVELOPMENT_TEAM = 87JP2ZZ6RR;
				GENERATE_INFOPLIST_FILE = YES;
				INFOPLIST_FILE = EduTracker/Info.plist;
				INFOPLIST_KEY_UIApplicationSupportsIndirectInputEvents = YES;
				INFOPLIST_KEY_UILaunchStoryboardName = LaunchScreen;
				INFOPLIST_KEY_UIMainStoryboardFile = LaunchScreen;
				INFOPLIST_KEY_UISupportedInterfaceOrientations_iPad = "UIInterfaceOrientationPortrait UIInterfaceOrientationPortraitUpsideDown UIInterfaceOrientationLandscapeLeft UIInterfaceOrientationLandscapeRight";
				INFOPLIST_KEY_UISupportedInterfaceOrientations_iPhone = "UIInterfaceOrientationPortrait UIInterfaceOrientationLandscapeLeft UIInterfaceOrientationLandscapeRight";
				IPHONEOS_DEPLOYMENT_TARGET = 13.0;
				LD_RUNPATH_SEARCH_PATHS = (
					"$(inherited)",
					"@executable_path/Frameworks",
				);
				MARKETING_VERSION = 1.0;
				PRODUCT_BUNDLE_IDENTIFIER = eduTracker.com.EduTracker;
				PRODUCT_NAME = "$(TARGET_NAME)";
				SWIFT_EMIT_LOC_STRINGS = YES;
				SWIFT_VERSION = 5.0;
				TARGETED_DEVICE_FAMILY = 1;
			};
			name = Release;
		};
/* End XCBuildConfiguration section */

/* Begin XCConfigurationList section */
		0AE2471D280AF91E004B3E00 /* Build configuration list for PBXProject "EduTracker" */ = {
			isa = XCConfigurationList;
			buildConfigurations = (
				0AE24734280AF921004B3E00 /* Debug */,
				0AE24735280AF921004B3E00 /* Release */,
			);
			defaultConfigurationIsVisible = 0;
			defaultConfigurationName = Release;
		};
		0AE24736280AF921004B3E00 /* Build configuration list for PBXNativeTarget "EduTracker" */ = {
			isa = XCConfigurationList;
			buildConfigurations = (
				0AE24737280AF921004B3E00 /* Debug */,
				0AE24738280AF921004B3E00 /* Release */,
			);
			defaultConfigurationIsVisible = 0;
			defaultConfigurationName = Release;
		};
/* End XCConfigurationList section */
	};
	rootObject = 0AE2471A280AF91E004B3E00 /* Project object */;
}
